PODS:
  - Ads-Global (8.1.0.6):
    - Ads-Global/BUAdSDK (= 8.1.0.6)
  - Ads-Global/BUAdSDK (8.1.0.6):
    - Ads-Global/PangleSDK
    - Ads-Global/TikTokBusinessSDK
  - Ads-Global/PangleSDK (8.1.0.6)
  - Ads-Global/TikTokBusinessSDK (8.1.0.6)
  - app_tracking_transparency (0.0.1):
    - Flutter
  - AppLovinSDK (13.6.2)
  - AppMetricaAdSupport (6.3.0):
    - AppMetricaCore (= 6.3.0)
    - AppMetricaCoreExtension (= 6.3.0)
  - AppMetricaCore (6.3.0):
    - AppMetricaCoreUtils (= 6.3.0)
    - AppMetricaEncodingUtils (= 6.3.0)
    - AppMetricaFMDB (= 6.3.0)
    - AppMetricaHostState (= 6.3.0)
    - AppMetricaIdentifiers (= 6.3.0)
    - AppMetricaKeychain (= 6.3.0)
    - AppMetricaLog (= 6.3.0)
    - AppMetricaNetwork (= 6.3.0)
    - AppMetricaPlatform (= 6.3.0)
    - AppMetricaProtobuf (= 6.3.0)
    - AppMetricaProtobufUtils (= 6.3.0)
    - AppMetricaStorageUtils (= 6.3.0)
  - AppMetricaCoreExtension (6.3.0):
    - AppMetricaCore (= 6.3.0)
    - AppMetricaStorageUtils (= 6.3.0)
  - AppMetricaCoreUtils (6.3.0):
    - AppMetricaLog (= 6.3.0)
  - AppMetricaEncodingUtils (6.3.0):
    - AppMetricaCoreUtils (= 6.3.0)
    - AppMetricaLog (= 6.3.0)
    - AppMetricaPlatform (= 6.3.0)
  - AppMetricaFMDB (6.3.0)
  - AppMetricaHostState (6.3.0):
    - AppMetricaCoreUtils (= 6.3.0)
    - AppMetricaLog (= 6.3.0)
  - AppMetricaIdentifiers (6.3.0):
    - AppMetricaKeychain (= 6.3.0)
    - AppMetricaLogSwift (= 6.3.0)
    - AppMetricaPlatform (= 6.3.0)
    - AppMetricaStorageUtils (= 6.3.0)
    - AppMetricaSynchronization (= 6.3.0)
  - AppMetricaIDSync (6.3.0):
    - AppMetricaCore (= 6.3.0)
    - AppMetricaCoreExtension (= 6.3.0)
    - AppMetricaCoreUtils (= 6.3.0)
    - AppMetricaLog (= 6.3.0)
    - AppMetricaNetwork (= 6.3.0)
    - AppMetricaPlatform (= 6.3.0)
    - AppMetricaStorageUtils (= 6.3.0)
  - AppMetricaKeychain (6.3.0):
    - AppMetricaCoreUtils (= 6.3.0)
    - AppMetricaLog (= 6.3.0)
    - AppMetricaStorageUtils (= 6.3.0)
  - AppMetricaLibraryAdapter (6.3.0):
    - AppMetricaCore (= 6.3.0)
    - AppMetricaCoreExtension (= 6.3.0)
  - AppMetricaLog (6.3.0)
  - AppMetricaLogSwift (6.3.0):
    - AppMetricaLog (= 6.3.0)
  - AppMetricaNetwork (6.3.0):
    - AppMetricaCoreUtils (= 6.3.0)
    - AppMetricaLog (= 6.3.0)
    - AppMetricaPlatform (= 6.3.0)
  - AppMetricaPlatform (6.3.0):
    - AppMetricaCoreUtils (= 6.3.0)
    - AppMetricaLog (= 6.3.0)
  - AppMetricaProtobuf (6.3.0)
  - AppMetricaProtobufUtils (6.3.0):
    - AppMetricaProtobuf (= 6.3.0)
  - AppMetricaStorageUtils (6.3.0):
    - AppMetricaCoreUtils (= 6.3.0)
    - AppMetricaLog (= 6.3.0)
  - AppMetricaSynchronization (6.3.0):
    - AppMetricaLogSwift (= 6.3.0)
  - audience_network (0.0.1):
    - FBAudienceNetwork (~> 6.21.1)
    - Flutter
  - auto_orientation_v2 (2.3.7):
    - Flutter
  - BigoADS (5.2.0)
  - CASMediationAppLovin (13.6.2.3):
    - AppLovinSDK (= 13.6.2)
    - CleverAdsSolutions-Base
  - CASMediationAudienceNetwork (6.21.1.0):
    - CASMediationGoogleAds
    - FBAudienceNetwork (= 6.21.1)
  - CASMediationBigo (5.2.0.0):
    - BigoADS (= 5.2.0)
    - CleverAdsSolutions-Base
  - CASMediationCASExchange (4.6.3.0):
    - CleverAdsSolutions-Base
  - CASMediationGoogleAds (13.3.0.0):
    - CASMediationIronSource
    - Google-Mobile-Ads-SDK (= 13.3.0)
  - CASMediationInMobi (11.3.0.0):
    - CleverAdsSolutions-Base
    - InMobiSDK (= 11.3.0)
  - CASMediationIronSource (9.4.1.3):
    - CleverAdsSolutions-Base
    - IronSourceSDK (= 9.4.1)
  - CASMediationLiftoffMonetize (7.7.3.0):
    - CleverAdsSolutions-Base
    - VungleAds (= 7.7.3)
  - CASMediationMaticoo (1.5.6.0):
    - CleverAdsSolutions-Base
    - zMaticoo (= 1.5.6)
  - CASMediationMintegral (8.1.4.0):
    - CleverAdsSolutions-Base
    - MintegralAdSDK (= 8.1.4)
    - MintegralAdSDK/BidSplashAd (= 8.1.4)
  - CASMediationPangle (8.1.0.6.0):
    - Ads-Global (= 8.1.0.6)
    - CleverAdsSolutions-Base
  - CASMediationUnityAds (4.18.1.0):
    - CASMediationIronSource
    - UnityAds (= 4.18.1)
  - CASMediationYangoAds (8.1.0.0):
    - CASMediationIronSource
    - YandexMobileAds (= 8.1.0)
  - CASMediationYsoNetwork (1.1.31.2):
    - CleverAdsSolutions-Base
    - YsoNetworkSDK (= 1.1.31)
  - clever_ads_solutions (4.7.3):
    - CleverAdsSolutions-Base (~> 4.7.3)
    - Flutter
  - CleverAdsSolutions-Base (4.7.3)
  - CleverAdsSolutions-SDK/AppLovin (4.7.3):
    - CASMediationAppLovin (= 13.6.2.3)
    - CleverAdsSolutions-Base (= 4.7.3)
  - CleverAdsSolutions-SDK/AudienceNetwork (4.7.3):
    - CASMediationAudienceNetwork (= 6.21.1.0)
    - CleverAdsSolutions-Base (= 4.7.3)
  - CleverAdsSolutions-SDK/Bigo (4.7.3):
    - CASMediationBigo (= 5.2.0.0)
    - CleverAdsSolutions-Base (= 4.7.3)
  - CleverAdsSolutions-SDK/CASExchange (4.7.3):
    - CASMediationCASExchange (= 4.6.3.0)
    - CleverAdsSolutions-Base (= 4.7.3)
  - CleverAdsSolutions-SDK/GoogleAds (4.7.3):
    - CASMediationGoogleAds (= 13.3.0.0)
    - CleverAdsSolutions-Base (= 4.7.3)
  - CleverAdsSolutions-SDK/InMobi (4.7.3):
    - CASMediationInMobi (= 11.3.0.0)
    - CleverAdsSolutions-Base (= 4.7.3)
  - CleverAdsSolutions-SDK/IronSource (4.7.3):
    - CASMediationIronSource (= 9.4.1.3)
    - CleverAdsSolutions-Base (= 4.7.3)
  - CleverAdsSolutions-SDK/LiftoffMonetize (4.7.3):
    - CASMediationLiftoffMonetize (= 7.7.3.0)
    - CleverAdsSolutions-Base (= 4.7.3)
  - CleverAdsSolutions-SDK/Maticoo (4.7.3):
    - CASMediationMaticoo (= 1.5.6.0)
    - CleverAdsSolutions-Base (= 4.7.3)
  - CleverAdsSolutions-SDK/Mintegral (4.7.3):
    - CASMediationMintegral (= 8.1.4.0)
    - CleverAdsSolutions-Base (= 4.7.3)
  - CleverAdsSolutions-SDK/Optimal (4.7.3):
    - CleverAdsSolutions-SDK/AppLovin (= 4.7.3)
    - CleverAdsSolutions-SDK/AudienceNetwork (= 4.7.3)
    - CleverAdsSolutions-SDK/Bigo (= 4.7.3)
    - CleverAdsSolutions-SDK/CASExchange (= 4.7.3)
    - CleverAdsSolutions-SDK/GoogleAds (= 4.7.3)
    - CleverAdsSolutions-SDK/InMobi (= 4.7.3)
    - CleverAdsSolutions-SDK/IronSource (= 4.7.3)
    - CleverAdsSolutions-SDK/LiftoffMonetize (= 4.7.3)
    - CleverAdsSolutions-SDK/Maticoo (= 4.7.3)
    - CleverAdsSolutions-SDK/Mintegral (= 4.7.3)
    - CleverAdsSolutions-SDK/Pangle (= 4.7.3)
    - CleverAdsSolutions-SDK/UnityAds (= 4.7.3)
    - CleverAdsSolutions-SDK/YangoAds (= 4.7.3)
    - CleverAdsSolutions-SDK/YsoNetwork (= 4.7.3)
  - CleverAdsSolutions-SDK/Pangle (4.7.3):
    - CASMediationPangle (= 8.1.0.6.0)
    - CleverAdsSolutions-Base (= 4.7.3)
  - CleverAdsSolutions-SDK/UnityAds (4.7.3):
    - CASMediationUnityAds (= 4.18.1.0)
    - CleverAdsSolutions-Base (= 4.7.3)
  - CleverAdsSolutions-SDK/YangoAds (4.7.3):
    - CASMediationYangoAds (= 8.1.0.0)
    - CleverAdsSolutions-Base (= 4.7.3)
  - CleverAdsSolutions-SDK/YsoNetwork (4.7.3):
    - CASMediationYsoNetwork (= 1.1.31.2)
    - CleverAdsSolutions-Base (= 4.7.3)
  - connectivity_plus (0.0.1):
    - Flutter
  - device_region (0.0.1):
    - Flutter
  - FBAudienceNetwork (6.21.1)
  - Firebase/Analytics (11.15.0):
    - Firebase/Core
  - Firebase/Core (11.15.0):
    - Firebase/CoreOnly
    - FirebaseAnalytics (~> 11.15.0)
  - Firebase/CoreOnly (11.15.0):
    - FirebaseCore (~> 11.15.0)
  - Firebase/Crashlytics (11.15.0):
    - Firebase/CoreOnly
    - FirebaseCrashlytics (~> 11.15.0)
  - Firebase/Messaging (11.15.0):
    - Firebase/CoreOnly
    - FirebaseMessaging (~> 11.15.0)
  - firebase_analytics (11.6.0):
    - Firebase/Analytics (= 11.15.0)
    - firebase_core
    - Flutter
  - firebase_core (3.15.2):
    - Firebase/CoreOnly (= 11.15.0)
    - Flutter
  - firebase_crashlytics (4.3.10):
    - Firebase/Crashlytics (= 11.15.0)
    - firebase_core
    - Flutter
  - firebase_messaging (15.2.10):
    - Firebase/Messaging (= 11.15.0)
    - firebase_core
    - Flutter
  - FirebaseAnalytics (11.15.0):
    - FirebaseAnalytics/Default (= 11.15.0)
    - FirebaseCore (~> 11.15.0)
    - FirebaseInstallations (~> 11.0)
    - GoogleUtilities/AppDelegateSwizzler (~> 8.1)
    - GoogleUtilities/MethodSwizzler (~> 8.1)
    - GoogleUtilities/Network (~> 8.1)
    - "GoogleUtilities/NSData+zlib (~> 8.1)"
    - nanopb (~> 3.30910.0)
  - FirebaseAnalytics/Default (11.15.0):
    - FirebaseCore (~> 11.15.0)
    - FirebaseInstallations (~> 11.0)
    - GoogleAppMeasurement/Default (= 11.15.0)
    - GoogleUtilities/AppDelegateSwizzler (~> 8.1)
    - GoogleUtilities/MethodSwizzler (~> 8.1)
    - GoogleUtilities/Network (~> 8.1)
    - "GoogleUtilities/NSData+zlib (~> 8.1)"
    - nanopb (~> 3.30910.0)
  - FirebaseCore (11.15.0):
    - FirebaseCoreInternal (~> 11.15.0)
    - GoogleUtilities/Environment (~> 8.1)
    - GoogleUtilities/Logger (~> 8.1)
  - FirebaseCoreExtension (11.15.0):
    - FirebaseCore (~> 11.15.0)
  - FirebaseCoreInternal (11.15.0):
    - "GoogleUtilities/NSData+zlib (~> 8.1)"
  - FirebaseCrashlytics (11.15.0):
    - FirebaseCore (~> 11.15.0)
    - FirebaseInstallations (~> 11.0)
    - FirebaseRemoteConfigInterop (~> 11.0)
    - FirebaseSessions (~> 11.0)
    - GoogleDataTransport (~> 10.0)
    - GoogleUtilities/Environment (~> 8.1)
    - nanopb (~> 3.30910.0)
    - PromisesObjC (~> 2.4)
  - FirebaseInstallations (11.15.0):
    - FirebaseCore (~> 11.15.0)
    - GoogleUtilities/Environment (~> 8.1)
    - GoogleUtilities/UserDefaults (~> 8.1)
    - PromisesObjC (~> 2.4)
  - FirebaseMessaging (11.15.0):
    - FirebaseCore (~> 11.15.0)
    - FirebaseInstallations (~> 11.0)
    - GoogleDataTransport (~> 10.0)
    - GoogleUtilities/AppDelegateSwizzler (~> 8.1)
    - GoogleUtilities/Environment (~> 8.1)
    - GoogleUtilities/Reachability (~> 8.1)
    - GoogleUtilities/UserDefaults (~> 8.1)
    - nanopb (~> 3.30910.0)
  - FirebaseRemoteConfigInterop (11.15.0)
  - FirebaseSessions (11.15.0):
    - FirebaseCore (~> 11.15.0)
    - FirebaseCoreExtension (~> 11.15.0)
    - FirebaseInstallations (~> 11.0)
    - GoogleDataTransport (~> 10.0)
    - GoogleUtilities/Environment (~> 8.1)
    - GoogleUtilities/UserDefaults (~> 8.1)
    - nanopb (~> 3.30910.0)
    - PromisesSwift (~> 2.1)
  - Flutter (1.0.0)
  - flutter_local_notifications (0.0.1):
    - Flutter
  - fluttertoast (0.0.2):
    - Flutter
  - Google-Mobile-Ads-SDK (13.3.0):
    - GoogleUserMessagingPlatform (>= 1.1)
  - google_mobile_ads (6.0.0):
    - Flutter
    - Google-Mobile-Ads-SDK (~> 13.3.0)
    - webview_flutter_wkwebview
  - GoogleAdsOnDeviceConversion (2.1.0):
    - GoogleUtilities/Logger (~> 8.1)
    - GoogleUtilities/Network (~> 8.1)
    - nanopb (~> 3.30910.0)
  - GoogleAppMeasurement/Core (11.15.0):
    - GoogleUtilities/AppDelegateSwizzler (~> 8.1)
    - GoogleUtilities/MethodSwizzler (~> 8.1)
    - GoogleUtilities/Network (~> 8.1)
    - "GoogleUtilities/NSData+zlib (~> 8.1)"
    - nanopb (~> 3.30910.0)
  - GoogleAppMeasurement/Default (11.15.0):
    - GoogleAdsOnDeviceConversion (= 2.1.0)
    - GoogleAppMeasurement/Core (= 11.15.0)
    - GoogleAppMeasurement/IdentitySupport (= 11.15.0)
    - GoogleUtilities/AppDelegateSwizzler (~> 8.1)
    - GoogleUtilities/MethodSwizzler (~> 8.1)
    - GoogleUtilities/Network (~> 8.1)
    - "GoogleUtilities/NSData+zlib (~> 8.1)"
    - nanopb (~> 3.30910.0)
  - GoogleAppMeasurement/IdentitySupport (11.15.0):
    - GoogleAppMeasurement/Core (= 11.15.0)
    - GoogleUtilities/AppDelegateSwizzler (~> 8.1)
    - GoogleUtilities/MethodSwizzler (~> 8.1)
    - GoogleUtilities/Network (~> 8.1)
    - "GoogleUtilities/NSData+zlib (~> 8.1)"
    - nanopb (~> 3.30910.0)
  - GoogleDataTransport (10.1.0):
    - nanopb (~> 3.30910.0)
    - PromisesObjC (~> 2.4)
  - GoogleUserMessagingPlatform (3.1.0)
  - GoogleUtilities/AppDelegateSwizzler (8.1.1):
    - GoogleUtilities/Environment
    - GoogleUtilities/Logger
    - GoogleUtilities/Network
    - GoogleUtilities/Privacy
  - GoogleUtilities/Environment (8.1.1):
    - GoogleUtilities/Privacy
  - GoogleUtilities/Logger (8.1.1):
    - GoogleUtilities/Environment
    - GoogleUtilities/Privacy
  - GoogleUtilities/MethodSwizzler (8.1.1):
    - GoogleUtilities/Logger
    - GoogleUtilities/Privacy
  - GoogleUtilities/Network (8.1.1):
    - GoogleUtilities/Logger
    - "GoogleUtilities/NSData+zlib"
    - GoogleUtilities/Privacy
    - GoogleUtilities/Reachability
  - "GoogleUtilities/NSData+zlib (8.1.1)":
    - GoogleUtilities/Privacy
  - GoogleUtilities/Privacy (8.1.1)
  - GoogleUtilities/Reachability (8.1.1):
    - GoogleUtilities/Logger
    - GoogleUtilities/Privacy
  - GoogleUtilities/UserDefaults (8.1.1):
    - GoogleUtilities/Logger
    - GoogleUtilities/Privacy
  - InMobiSDK (11.3.0)
  - IronSourceAdQualitySDK (9.5.1)
  - IronSourceSDK (9.4.1.0):
    - IronSourceSDK/AdQuality (= 9.4.1.0)
    - IronSourceSDK/Ads (= 9.4.1.0)
  - IronSourceSDK/AdQuality (9.4.1.0):
    - IronSourceAdQualitySDK (~> 9.5.0)
  - IronSourceSDK/Ads (9.4.1.0)
  - MintegralAdSDK (8.1.4):
    - MintegralAdSDK/BannerAd (= 8.1.4)
    - MintegralAdSDK/BidBannerAd (= 8.1.4)
    - MintegralAdSDK/BidInterstitialVideoAd (= 8.1.4)
    - MintegralAdSDK/BidNativeAd (= 8.1.4)
    - MintegralAdSDK/BidNewInterstitialAd (= 8.1.4)
    - MintegralAdSDK/BidRewardVideoAd (= 8.1.4)
    - MintegralAdSDK/InterstitialVideoAd (= 8.1.4)
    - MintegralAdSDK/NativeAd (= 8.1.4)
    - MintegralAdSDK/NewInterstitialAd (= 8.1.4)
    - MintegralAdSDK/RewardVideoAd (= 8.1.4)
  - MintegralAdSDK/BannerAd (8.1.4):
    - MintegralAdSDK/NativeAd
  - MintegralAdSDK/BidBannerAd (8.1.4):
    - MintegralAdSDK/BannerAd
    - MintegralAdSDK/BidNativeAd
  - MintegralAdSDK/BidInterstitialVideoAd (8.1.4):
    - MintegralAdSDK/BidNativeAd
    - MintegralAdSDK/InterstitialVideoAd
  - MintegralAdSDK/BidNativeAd (8.1.4):
    - MintegralAdSDK/NativeAd
  - MintegralAdSDK/BidNewInterstitialAd (8.1.4):
    - MintegralAdSDK/BidNativeAd
    - MintegralAdSDK/NewInterstitialAd
  - MintegralAdSDK/BidRewardVideoAd (8.1.4):
    - MintegralAdSDK/BidNativeAd
    - MintegralAdSDK/RewardVideoAd
  - MintegralAdSDK/BidSplashAd (8.1.4):
    - MintegralAdSDK/BidNativeAd
    - MintegralAdSDK/SplashAd
  - MintegralAdSDK/InterstitialVideoAd (8.1.4):
    - MintegralAdSDK/NativeAd
  - MintegralAdSDK/NativeAd (8.1.4)
  - MintegralAdSDK/NewInterstitialAd (8.1.4):
    - MintegralAdSDK/InterstitialVideoAd
    - MintegralAdSDK/NativeAd
  - MintegralAdSDK/RewardVideoAd (8.1.4):
    - MintegralAdSDK/NativeAd
  - MintegralAdSDK/SplashAd (8.1.4):
    - MintegralAdSDK/NativeAd
  - nanopb (3.30910.0):
    - nanopb/decode (= 3.30910.0)
    - nanopb/encode (= 3.30910.0)
  - nanopb/decode (3.30910.0)
  - nanopb/encode (3.30910.0)
  - package_info_plus (0.4.5):
    - Flutter
  - permission_handler_apple (9.4.8):
    - Flutter
  - PromisesObjC (2.4.1)
  - PromisesSwift (2.4.1):
    - PromisesObjC (= 2.4.1)
  - shared_preferences_foundation (0.0.1):
    - Flutter
    - FlutterMacOS
  - sqflite_darwin (0.0.4):
    - Flutter
    - FlutterMacOS
  - store_redirect (0.0.1):
    - Flutter
  - UnityAds (4.18.1):
    - IronSourceAdQualitySDK (< 10.0.0)
  - url_launcher_ios (0.0.1):
    - Flutter
  - VungleAds (7.7.3)
  - wakelock_plus (0.0.1):
    - Flutter
  - webview_flutter_wkwebview (0.0.1):
    - Flutter
    - FlutterMacOS
  - YandexMobileAds (8.1.0):
    - AppMetricaAdSupport (~> 6.3.0)
    - AppMetricaCore (~> 6.3.0)
    - AppMetricaIDSync (~> 6.3.0)
    - AppMetricaLibraryAdapter (~> 6.3.0)
  - YsoNetworkSDK (1.1.31)
  - zMaticoo (1.5.6)

DEPENDENCIES:
  - app_tracking_transparency (from `.symlinks/plugins/app_tracking_transparency/ios`)
  - audience_network (from `.symlinks/plugins/audience_network/ios`)
  - auto_orientation_v2 (from `.symlinks/plugins/auto_orientation_v2/ios`)
  - clever_ads_solutions (from `.symlinks/plugins/clever_ads_solutions/ios`)
  - CleverAdsSolutions-Base (= 4.7.3)
  - CleverAdsSolutions-SDK/Optimal (= 4.7.3)
  - connectivity_plus (from `.symlinks/plugins/connectivity_plus/ios`)
  - device_region (from `.symlinks/plugins/device_region/ios`)
  - firebase_analytics (from `.symlinks/plugins/firebase_analytics/ios`)
  - firebase_core (from `.symlinks/plugins/firebase_core/ios`)
  - firebase_crashlytics (from `.symlinks/plugins/firebase_crashlytics/ios`)
  - firebase_messaging (from `.symlinks/plugins/firebase_messaging/ios`)
  - Flutter (from `Flutter`)
  - flutter_local_notifications (from `.symlinks/plugins/flutter_local_notifications/ios`)
  - fluttertoast (from `.symlinks/plugins/fluttertoast/ios`)
  - google_mobile_ads (from `.symlinks/plugins/google_mobile_ads/ios`)
  - package_info_plus (from `.symlinks/plugins/package_info_plus/ios`)
  - permission_handler_apple (from `.symlinks/plugins/permission_handler_apple/ios`)
  - shared_preferences_foundation (from `.symlinks/plugins/shared_preferences_foundation/darwin`)
  - sqflite_darwin (from `.symlinks/plugins/sqflite_darwin/darwin`)
  - store_redirect (from `.symlinks/plugins/store_redirect/ios`)
  - url_launcher_ios (from `.symlinks/plugins/url_launcher_ios/ios`)
  - wakelock_plus (from `.symlinks/plugins/wakelock_plus/ios`)
  - webview_flutter_wkwebview (from `.symlinks/plugins/webview_flutter_wkwebview/darwin`)

SPEC REPOS:
  https://github.com/cleveradssolutions/CAS-Specs.git:
    - CASMediationAppLovin
    - CASMediationAudienceNetwork
    - CASMediationBigo
    - CASMediationCASExchange
    - CASMediationGoogleAds
    - CASMediationInMobi
    - CASMediationIronSource
    - CASMediationLiftoffMonetize
    - CASMediationMaticoo
    - CASMediationMintegral
    - CASMediationPangle
    - CASMediationUnityAds
    - CASMediationYangoAds
    - CASMediationYsoNetwork
    - CleverAdsSolutions-Base
    - CleverAdsSolutions-SDK
  trunk:
    - Ads-Global
    - AppLovinSDK
    - AppMetricaAdSupport
    - AppMetricaCore
    - AppMetricaCoreExtension
    - AppMetricaCoreUtils
    - AppMetricaEncodingUtils
    - AppMetricaFMDB
    - AppMetricaHostState
    - AppMetricaIdentifiers
    - AppMetricaIDSync
    - AppMetricaKeychain
    - AppMetricaLibraryAdapter
    - AppMetricaLog
    - AppMetricaLogSwift
    - AppMetricaNetwork
    - AppMetricaPlatform
    - AppMetricaProtobuf
    - AppMetricaProtobufUtils
    - AppMetricaStorageUtils
    - AppMetricaSynchronization
    - BigoADS
    - FBAudienceNetwork
    - Firebase
    - FirebaseAnalytics
    - FirebaseCore
    - FirebaseCoreExtension
    - FirebaseCoreInternal
    - FirebaseCrashlytics
    - FirebaseInstallations
    - FirebaseMessaging
    - FirebaseRemoteConfigInterop
    - FirebaseSessions
    - Google-Mobile-Ads-SDK
    - GoogleAdsOnDeviceConversion
    - GoogleAppMeasurement
    - GoogleDataTransport
    - GoogleUserMessagingPlatform
    - GoogleUtilities
    - InMobiSDK
    - IronSourceAdQualitySDK
    - IronSourceSDK
    - MintegralAdSDK
    - nanopb
    - PromisesObjC
    - PromisesSwift
    - UnityAds
    - VungleAds
    - YandexMobileAds
    - YsoNetworkSDK
    - zMaticoo

EXTERNAL SOURCES:
  app_tracking_transparency:
    :path: ".symlinks/plugins/app_tracking_transparency/ios"
  audience_network:
    :path: ".symlinks/plugins/audience_network/ios"
  auto_orientation_v2:
    :path: ".symlinks/plugins/auto_orientation_v2/ios"
  clever_ads_solutions:
    :path: ".symlinks/plugins/clever_ads_solutions/ios"
  connectivity_plus:
    :path: ".symlinks/plugins/connectivity_plus/ios"
  device_region:
    :path: ".symlinks/plugins/device_region/ios"
  firebase_analytics:
    :path: ".symlinks/plugins/firebase_analytics/ios"
  firebase_core:
    :path: ".symlinks/plugins/firebase_core/ios"
  firebase_crashlytics:
    :path: ".symlinks/plugins/firebase_crashlytics/ios"
  firebase_messaging:
    :path: ".symlinks/plugins/firebase_messaging/ios"
  Flutter:
    :path: Flutter
  flutter_local_notifications:
    :path: ".symlinks/plugins/flutter_local_notifications/ios"
  fluttertoast:
    :path: ".symlinks/plugins/fluttertoast/ios"
  google_mobile_ads:
    :path: ".symlinks/plugins/google_mobile_ads/ios"
  package_info_plus:
    :path: ".symlinks/plugins/package_info_plus/ios"
  permission_handler_apple:
    :path: ".symlinks/plugins/permission_handler_apple/ios"
  shared_preferences_foundation:
    :path: ".symlinks/plugins/shared_preferences_foundation/darwin"
  sqflite_darwin:
    :path: ".symlinks/plugins/sqflite_darwin/darwin"
  store_redirect:
    :path: ".symlinks/plugins/store_redirect/ios"
  url_launcher_ios:
    :path: ".symlinks/plugins/url_launcher_ios/ios"
  wakelock_plus:
    :path: ".symlinks/plugins/wakelock_plus/ios"
  webview_flutter_wkwebview:
    :path: ".symlinks/plugins/webview_flutter_wkwebview/darwin"

SPEC CHECKSUMS:
  Ads-Global: 928e2669595256b915df04a4a2f299d3bb8fe6b7
  app_tracking_transparency: 3d84f147f67ca82d3c15355c36b1fa6b66ca7c92
  AppLovinSDK: 91a47db42b6c0e2b83224006aa46b0b88c62c16f
  AppMetricaAdSupport: d9d6516e5e21032f058b7aef3f17aefe9c7cc116
  AppMetricaCore: 12186e7fca8c7e293bd45f66f0e18d64435f1ab7
  AppMetricaCoreExtension: 71f4f4b7e993e963241a764790e07b0813926f18
  AppMetricaCoreUtils: 88b1288644a44ddc2572483bcd64c2e62f6f76ba
  AppMetricaEncodingUtils: a895862856ee06b9b22fdc02771157e4004b3819
  AppMetricaFMDB: cc66f2b0c0e8d3d451313b0ac7174b111820f6ec
  AppMetricaHostState: c6bbff91eb4e35a16da4cf721a729029db455d9b
  AppMetricaIdentifiers: 7dd47f89a04955b8913c96a6be367c4dc739b3db
  AppMetricaIDSync: 6799f35fd10a5616f4d214d896829136dc2b4533
  AppMetricaKeychain: 743d4d2e1dadcce2e33c892b82409e5882e87da1
  AppMetricaLibraryAdapter: b476a378a83c89e2b4e7b874f4a3874266989ee9
  AppMetricaLog: a939df984c6564ac0007b6634ea6c24dc54df3a9
  AppMetricaLogSwift: fa337df59c92edcd51bed406c4298ab1ce9ddd4b
  AppMetricaNetwork: 1d7cb179c7dce7dbac5f54fb28cc378410b89e61
  AppMetricaPlatform: 0732c0de92c8db13b25592c49e9bc82df1cc27eb
  AppMetricaProtobuf: 4d554ca95b28d1d11c661ad4b6b8c6e5c647624a
  AppMetricaProtobufUtils: f3bfe7f36e3d0b00552398e0c06bd2af515800dd
  AppMetricaStorageUtils: 658dc0cd262a94c0a4ce450af11a50aef0809a82
  AppMetricaSynchronization: d629fdefd72af0bb7768ae4d32fb107c42662811
  audience_network: 16ed2aaea6f0e00769142da3bf798a8bdb5d6e32
  auto_orientation_v2: 2d9f355fcc48c37d6fa3d37efa96c3ba15719cc0
  BigoADS: 137aba6421ada41f2610cff6a51fe223252a44d7
  CASMediationAppLovin: 46199ecef050eeec8c763cd9ae5ed550e8dbecb4
  CASMediationAudienceNetwork: 3ce419e5a23b3dde45cd6f5d22080f39cbbf364c
  CASMediationBigo: 579330b62829cf53183044184a8ec3c9e3308d82
  CASMediationCASExchange: c9da62fe943810bf9b60520920163e324c7f66b6
  CASMediationGoogleAds: 41352819acb35fdfdf5165517d3ea43acbafd21f
  CASMediationInMobi: c9e695af378d3a8e386b058a422124503a97029c
  CASMediationIronSource: cc4cd63f7c800c4a4f66913264d30d1c060ae631
  CASMediationLiftoffMonetize: e5d7061b4ea8a7009ec36915bea33685eaebc5da
  CASMediationMaticoo: 4efb79e1abe0483992a296ca4d11380c80cd14a2
  CASMediationMintegral: 92347e42b177b8b3f8da93e52215cee068605b9e
  CASMediationPangle: 9c96475a643d459e80f37113af31b96e3b12c095
  CASMediationUnityAds: a1cf343ac9f1c64452d8137cbb7439b6c478d9ad
  CASMediationYangoAds: bdb994c88b065c5714161fcb18249cadba570a7b
  CASMediationYsoNetwork: 276a2b1733b14a4951439c407f8bb0680cf93d26
  clever_ads_solutions: 198470e7e7887f6a9ffc7d29f6643405be272427
  CleverAdsSolutions-Base: 79aa84588df8b3f0fb8e191ff10ef77f7589c0d8
  CleverAdsSolutions-SDK: d3c52a999b5d81fa00b21ed94b4239e254954ff8
  connectivity_plus: cb623214f4e1f6ef8fe7403d580fdad517d2f7dd
  device_region: ba5fcd31baab2323f50b73a33850490df4d082a8
  FBAudienceNetwork: 85d18a65c9e35bc426bd4664cf3ae2a1172d7b60
  Firebase: d99ac19b909cd2c548339c2241ecd0d1599ab02e
  firebase_analytics: 0e25ca1d4001ccedd40b4e5b74c0ec34e18f6425
  firebase_core: 995454a784ff288be5689b796deb9e9fa3601818
  firebase_crashlytics: 30dcd6dfd2fe895c0848af46722a4227346c19aa
  firebase_messaging: f4a41dd102ac18b840eba3f39d67e77922d3f707
  FirebaseAnalytics: 6433dfd311ba78084fc93bdfc145e8cb75740eae
  FirebaseCore: efb3893e5b94f32b86e331e3bd6dadf18b66568e
  FirebaseCoreExtension: edbd30474b5ccf04e5f001470bdf6ea616af2435
  FirebaseCoreInternal: 9afa45b1159304c963da48addb78275ef701c6b4
  FirebaseCrashlytics: e09d0bc19aa54a51e45b8039c836ef73f32c039a
  FirebaseInstallations: 317270fec08a5d418fdbc8429282238cab3ac843
  FirebaseMessaging: 3b26e2cee503815e01c3701236b020aa9b576f09
  FirebaseRemoteConfigInterop: 1c6135e8a094cc6368949f5faeeca7ee8948b8aa
  FirebaseSessions: b9a92c1c51bbb81e78fc3142cda6d925d700f8e7
  Flutter: cabc95a1d2626b1b06e7179b784ebcf0c0cde467
  flutter_local_notifications: a5a732f069baa862e728d839dd2ebb904737effb
  fluttertoast: fe6790210fdba20801685be946e3a2124b72eef5
  Google-Mobile-Ads-SDK: 7692126a35ed859f20635af281c50a2162be8bea
  google_mobile_ads: 64acaead4ef6e6c97493e2162138840b30a2a72f
  GoogleAdsOnDeviceConversion: 2be6297a4f048459e0ae17fad9bfd2844e10cf64
  GoogleAppMeasurement: 700dce7541804bec33db590a5c496b663fbe2539
  GoogleDataTransport: aae35b7ea0c09004c3797d53c8c41f66f219d6a7
  GoogleUserMessagingPlatform: befe603da6501006420c206222acd449bba45a9c
  GoogleUtilities: 4f2618a4a1e762a1ee134a1e2323bba9843e06da
  InMobiSDK: a25c208dcc6fc6d9b228f34a4643712f37923208
  IronSourceAdQualitySDK: d3f89c7eb4afc6b6c45fc3d83d64789a9977148f
  IronSourceSDK: d12f8939bf36dd4e28bb4f6134bcde9a53af15db
  MintegralAdSDK: 40805038b748bbc23d1f2640b9a77e1e457662fa
  nanopb: fad817b59e0457d11a5dfbde799381cd727c1275
  package_info_plus: af8e2ca6888548050f16fa2f1938db7b5a5df499
  permission_handler_apple: 92d754bbaa7361d436db2d6c3c1c2a0fdcec462e
  PromisesObjC: 752c3227f599e3467650e47ea36f433eeb10c273
  PromisesSwift: 217dea0fd5d2ad65222a109c48698add13cc1c5b
  shared_preferences_foundation: 7036424c3d8ec98dfe75ff1667cb0cd531ec82bb
  sqflite_darwin: 20b2a3a3b70e43edae938624ce550a3cbf66a3d0
  store_redirect: 55fd455802ceab09803b2df6e68f19a58815266a
  UnityAds: 07379b63b1044dcad98b3092319166fd6f2cfda4
  url_launcher_ios: 7a95fa5b60cc718a708b8f2966718e93db0cef1b
  VungleAds: 58cb2d034ab1f455b9c2fb7ec8bdbcd82cf0ca70
  wakelock_plus: e29112ab3ef0b318e58cfa5c32326458be66b556
  webview_flutter_wkwebview: 8ebf4fded22593026f7dbff1fbff31ea98573c8d
  YandexMobileAds: 47d9d0ce6705e79e3801138e8c1d9898e4c79a51
  YsoNetworkSDK: dece34b4a8fdfa85e0ac73a9d22e5df068351669
  zMaticoo: d33bd88817532aeb4aef580011d43a0a418767b5

PODFILE CHECKSUM: 24dbede842e98b913cf14d2cf4faccbd8beb4cef

COCOAPODS: 1.16.2
